
Microsoft Visual Studio Solution File, Format Version 12.00
# Visual Studio Version 17
VisualStudioVersion = 17.3.32825.248
MinimumVisualStudioVersion = 10.0.40219.1
Project("{FAE04EC0-301F-11D3-BF4B-00C04F79EFBC}") = "ConsoleVideo", "ConsoleVideo\ConsoleVideo.csproj", "{7EA195D1-C054-4C09-AA84-0F9A89572402}"
EndProject
Project("{2150E333-8FDC-42A3-9474-1A3956D46DE8}") = "src", "src", "{B4E0D28F-D5C3-4CCD-9B1E-DE63B8EBF3A2}"
EndProject
Global
	GlobalSection(SolutionConfigurationPlatforms) = preSolution
		Debug|Any CPU = Debug|Any CPU
		Release|Any CPU = Release|Any CPU
	EndGlobalSection
	GlobalSection(ProjectConfigurationPlatforms) = postSolution
		{7EA195D1-C054-4C09-AA84-0F9A89572402}.Debug|Any CPU.ActiveCfg = Debug|Any CPU
		{7EA195D1-C054-4C09-AA84-0F9A89572402}.Debug|Any CPU.Build.0 = Debug|Any CPU
		{7EA195D1-C054-4C09-AA84-0F9A89572402}.Release|Any CPU.ActiveCfg = Release|Any CPU
		{7EA195D1-C054-4C09-AA84-0F9A89572402}.Release|Any CPU.Build.0 = Release|Any CPU
	EndGlobalSection
	GlobalSection(SolutionProperties) = preSolution
		HideSolutionNode = FALSE
	EndGlobalSection
	GlobalSection(NestedProjects) = preSolution
		{7EA195D1-C054-4C09-AA84-0F9A89572402} = {B4E0D28F-D5C3-4CCD-9B1E-DE63B8EBF3A2}
	EndGlobalSection
	GlobalSection(ExtensibilityGlobals) = postSolution
		SolutionGuid = {05BB2D67-4919-415D-8E54-368832B3A40F}
	EndGlobalSection
EndGlobal
